// !$*UTF8*$!
{
	archiveVersion = 1;
	classes = {
	};
	objectVersion = 46;
	objects = {

/* Begin PBXBuildFile section */
		94CFFEEE1F1344C900A423D5 /* AppDelegate.swift in Sources */ = {isa = PBXBuildFile; fileRef = 94CFFEED1F1344C900A423D5 /* AppDelegate.swift */; };
		94CFFEF01F1344C900A423D5 /* ViewController.swift in Sources */ = {isa = PBXBuildFile; fileRef = 94CFFEEF1F1344C900A423D5 /* ViewController.swift */; };
		94CFFEF31F1344C900A423D5 /* Main.storyboard in Resources */ = {isa = PBXBuildFile; fileRef = 94CFFEF11F1344C900A423D5 /* Main.storyboard */; };
		94CFFEF51F1344C900A423D5 /* Assets.xcassets in Resources */ = {isa = PBXBuildFile; fileRef = 94CFFEF41F1344C900A423D5 /* Assets.xcassets */; };
		94CFFEF81F1344C900A423D5 /* LaunchScreen.storyboard in Resources */ = {isa = PBXBuildFile; fileRef = 94CFFEF61F1344C900A423D5 /* LaunchScreen.storyboard */; };
		94CFFF031F1344C900A423D5 /* UIElementsTests.swift in Sources */ = {isa = PBXBuildFile; fileRef = 94CFFF021F1344C900A423D5 /* UIElementsTests.swift */; };
		94CFFF0E1F1344C900A423D5 /* UIElementsUITests.swift in Sources */ = {isa = PBXBuildFile; fileRef = 94CFFF0D1F1344C900A423D5 /* UIElementsUITests.swift */; };
/* End PBXBuildFile section */

/* Begin PBXContainerItemProxy section */
		94CFFEFF1F1344C900A423D5 /* PBXContainerItemProxy */ = {
			isa = PBXContainerItemProxy;
			containerPortal = 94CFFEE21F1344C900A423D5 /* Project object */;
			proxyType = 1;
			remoteGlobalIDString = 94CFFEE91F1344C900A423D5;
			remoteInfo = UIElements;
		};
		94CFFF0A1F1344C900A423D5 /* PBXContainerItemProxy */ = {
			isa = PBXContainerItemProxy;
			containerPortal = 94CFFEE21F1344C900A423D5 /* Project object */;
			proxyType = 1;
			remoteGlobalIDString = 94CFFEE91F1344C900A423D5;
			remoteInfo = UIElements;
		};
/* End PBXContainerItemProxy section */

/* Begin PBXFileReference section */
		94CFFEEA1F1344C900A423D5 /* UIElements.app */ = {isa = PBXFileReference; explicitFileType = wrapper.application; includeInIndex = 0; path = UIElements.app; sourceTree = BUILT_PRODUCTS_DIR; };
		94CFFEED1F1344C900A423D5 /* AppDelegate.swift */ = {isa = PBXFileReference; lastKnownFileType = sourcecode.swift; path = AppDelegate.swift; sourceTree = "<group>"; };
		94CFFEEF1F1344C900A423D5 /* ViewController.swift */ = {isa = PBXFileReference; lastKnownFileType = sourcecode.swift; path = ViewController.swift; sourceTree = "<group>"; };
		94CFFEF21F1344C900A423D5 /* Base */ = {isa = PBXFileReference; lastKnownFileType = file.storyboard; name = Base; path = Base.lproj/Main.storyboard; sourceTree = "<group>"; };
		94CFFEF41F1344C900A423D5 /* Assets.xcassets */ = {isa = PBXFileReference; lastKnownFileType = folder.assetcatalog; path = Assets.xcassets; sourceTree = "<group>"; };
		94CFFEF71F1344C900A423D5 /* Base */ = {isa = PBXFileReference; lastKnownFileType = file.storyboard; name = Base; path = Base.lproj/LaunchScreen.storyboard; sourceTree = "<group>"; };
		94CFFEF91F1344C900A423D5 /* Info.plist */ = {isa = PBXFileReference; lastKnownFileType = text.plist.xml; path = Info.plist; sourceTree = "<group>"; };
		94CFFEFE1F1344C900A423D5 /* UIElementsTests.xctest */ = {isa = PBXFileReference; explicitFileType = wrapper.cfbundle; includeInIndex = 0; path = UIElementsTests.xctest; sourceTree = BUILT_PRODUCTS_DIR; };
		94CFFF021F1344C900A423D5 /* UIElementsTests.swift */ = {isa = PBXFileReference; lastKnownFileType = sourcecode.swift; path = UIElementsTests.swift; sourceTree = "<group>"; };
		94CFFF041F1344C900A423D5 /* Info.plist */ = {isa = PBXFileReference; lastKnownFileType = text.plist.xml; path = Info.plist; sourceTree = "<group>"; };
		94CFFF091F1344C900A423D5 /* UIElementsUITests.xctest */ = {isa = PBXFileReference; explicitFileType = wrapper.cfbundle; includeInIndex = 0; path = UIElementsUITests.xctest; sourceTree = BUILT_PRODUCTS_DIR; };
		94CFFF0D1F1344C900A423D5 /* UIElementsUITests.swift */ = {isa = PBXFileReference; lastKnownFileType = sourcecode.swift; path = UIElementsUITests.swift; sourceTree = "<group>"; };
		94CFFF0F1F1344C900A423D5 /* Info.plist */ = {isa = PBXFileReference; lastKnownFileType = text.plist.xml; path = Info.plist; sourceTree = "<group>"; };
/* End PBXFileReference section */

/* Begin PBXFrameworksBuildPhase section */
		94CFFEE71F1344C900A423D5 /* Frameworks */ = {
			isa = PBXFrameworksBuildPhase;
			buildActionMask = 2147483647;
			files = (
			);
			runOnlyForDeploymentPostprocessing = 0;
		};
		94CFFEFB1F1344C900A423D5 /* Frameworks */ = {
			isa = PBXFrameworksBuildPhase;
			buildActionMask = 2147483647;
			files = (
			);
			runOnlyForDeploymentPostprocessing = 0;
		};
		94CFFF061F1344C900A423D5 /* Frameworks */ = {
			isa = PBXFrameworksBuildPhase;
			buildActionMask = 2147483647;
			files = (
			);
			runOnlyForDeploymentPostprocessing = 0;
		};
/* End PBXFrameworksBuildPhase section */

/* Begin PBXGroup section */
		94CFFEE11F1344C900A423D5 = {
			isa = PBXGroup;
			children = (
				94CFFEEC1F1344C900A423D5 /* UIElements */,
				94CFFF011F1344C900A423D5 /* UIElementsTests */,
				94CFFF0C1F1344C900A423D5 /* UIElementsUITests */,
				94CFFEEB1F1344C900A423D5 /* Products */,
			);
			sourceTree = "<group>";
		};
		94CFFEEB1F1344C900A423D5 /* Products */ = {
			isa = PBXGroup;
			children = (
				94CFFEEA1F1344C900A423D5 /* UIElements.app */,
				94CFFEFE1F1344C900A423D5 /* UIElementsTests.xctest */,
				94CFFF091F1344C900A423D5 /* UIElementsUITests.xctest */,
			);
			name = Products;
			sourceTree = "<group>";
		};
		94CFFEEC1F1344C900A423D5 /* UIElements */ = {
			isa = PBXGroup;
			children = (
				94CFFEED1F1344C900A423D5 /* AppDelegate.swift */,
				94CFFEEF1F1344C900A423D5 /* ViewController.swift */,
				94CFFEF11F1344C900A423D5 /* Main.storyboard */,
				94CFFEF41F1344C900A423D5 /* Assets.xcassets */,
				94CFFEF61F1344C900A423D5 /* LaunchScreen.storyboard */,
				94CFFEF91F1344C900A423D5 /* Info.plist */,
			);
			path = UIElements;
			sourceTree = "<group>";
		};
		94CFFF011F1344C900A423D5 /* UIElementsTests */ = {
			isa = PBXGroup;
			children = (
				94CFFF021F1344C900A423D5 /* UIElementsTests.swift */,
				94CFFF041F1344C900A423D5 /* Info.plist */,
			);
			path = UIElementsTests;
			sourceTree = "<group>";
		};
		94CFFF0C1F1344C900A423D5 /* UIElementsUITests */ = {
			isa = PBXGroup;
			children = (
				94CFFF0D1F1344C900A423D5 /* UIElementsUITests.swift */,
				94CFFF0F1F1344C900A423D5 /* Info.plist */,
			);
			path = UIElementsUITests;
			sourceTree = "<group>";
		};
/* End PBXGroup section */

/* Begin PBXNativeTarget section */
		94CFFEE91F1344C900A423D5 /* UIElements */ = {
			isa = PBXNativeTarget;
			buildConfigurationList = 94CFFF121F1344C900A423D5 /* Build configuration list for PBXNativeTarget "UIElements" */;
			buildPhases = (
				94CFFEE61F1344C900A423D5 /* Sources */,
				94CFFEE71F1344C900A423D5 /* Frameworks */,
				94CFFEE81F1344C900A423D5 /* Resources */,
			);
			buildRules = (
			);
			dependencies = (
			);
			name = UIElements;
			productName = UIElements;
			productReference = 94CFFEEA1F1344C900A423D5 /* UIElements.app */;
			productType = "com.apple.product-type.application";
		};
		94CFFEFD1F1344C900A423D5 /* UIElementsTests */ = {
			isa = PBXNativeTarget;
			buildConfigurationList = 94CFFF151F1344C900A423D5 /* Build configuration list for PBXNativeTarget "UIElementsTests" */;
			buildPhases = (
				94CFFEFA1F1344C900A423D5 /* Sources */,
				94CFFEFB1F1344C900A423D5 /* Frameworks */,
				94CFFEFC1F1344C900A423D5 /* Resources */,
			);
			buildRules = (
			);
			dependencies = (
				94CFFF001F1344C900A423D5 /* PBXTargetDependency */,
			);
			name = UIElementsTests;
			productName = UIElementsTests;
			productReference = 94CFFEFE1F1344C900A423D5 /* UIElementsTests.xctest */;
			productType = "com.apple.product-type.bundle.unit-test";
		};
		94CFFF081F1344C900A423D5 /* UIElementsUITests */ = {
			isa = PBXNativeTarget;
			buildConfigurationList = 94CFFF181F1344C900A423D5 /* Build configuration list for PBXNativeTarget "UIElementsUITests" */;
			buildPhases = (
				94CFFF051F1344C900A423D5 /* Sources */,
				94CFFF061F1344C900A423D5 /* Frameworks */,
				94CFFF071F1344C900A423D5 /* Resources */,
			);
			buildRules = (
			);
			dependencies = (
				94CFFF0B1F1344C900A423D5 /* PBXTargetDependency */,
			);
			name = UIElementsUITests;
			productName = UIElementsUITests;
			productReference = 94CFFF091F1344C900A423D5 /* UIElementsUITests.xctest */;
			productType = "com.apple.product-type.bundle.ui-testing";
		};
/* End PBXNativeTarget section */

/* Begin PBXProject section */
		94CFFEE21F1344C900A423D5 /* Project object */ = {
			isa = PBXProject;
			attributes = {
				LastSwiftUpdateCheck = 0830;
				LastUpgradeCheck = 0830;
				ORGANIZATIONNAME = "Jeevan chandra";
				TargetAttributes = {
					94CFFEE91F1344C900A423D5 = {
						CreatedOnToolsVersion = 8.3.3;
						ProvisioningStyle = Automatic;
					};
					94CFFEFD1F1344C900A423D5 = {
						CreatedOnToolsVersion = 8.3.3;
						ProvisioningStyle = Automatic;
						TestTargetID = 94CFFEE91F1344C900A423D5;
					};
					94CFFF081F1344C900A423D5 = {
						CreatedOnToolsVersion = 8.3.3;
						ProvisioningStyle = Automatic;
						TestTargetID = 94CFFEE91F1344C900A423D5;
					};
				};
			};
			buildConfigurationList = 94CFFEE51F1344C900A423D5 /* Build configuration list for PBXProject "UIElements" */;
			compatibilityVersion = "Xcode 3.2";
			developmentRegion = English;
			hasScannedForEncodings = 0;
			knownRegions = (
				en,
				Base,
			);
			mainGroup = 94CFFEE11F1344C900A423D5;
			productRefGroup = 94CFFEEB1F1344C900A423D5 /* Products */;
			projectDirPath = "";
			projectRoot = "";
			targets = (
				94CFFEE91F1344C900A423D5 /* UIElements */,
				94CFFEFD1F1344C900A423D5 /* UIElementsTests */,
				94CFFF081F1344C900A423D5 /* UIElementsUITests */,
			);
		};
/* End PBXProject section */

/* Begin PBXResourcesBuildPhase section */
		94CFFEE81F1344C900A423D5 /* Resources */ = {
			isa = PBXResourcesBuildPhase;
			buildActionMask = 2147483647;
			files = (
				94CFFEF81F1344C900A423D5 /* LaunchScreen.storyboard in Resources */,
				94CFFEF51F1344C900A423D5 /* Assets.xcassets in Resources */,
				94CFFEF31F1344C900A423D5 /* Main.storyboard in Resources */,
			);
			runOnlyForDeploymentPostprocessing = 0;
		};
		94CFFEFC1F1344C900A423D5 /* Resources */ = {
			isa = PBXResourcesBuildPhase;
			buildActionMask = 2147483647;
			files = (
			);
			runOnlyForDeploymentPostprocessing = 0;
		};
		94CFFF071F1344C900A423D5 /* Resources */ = {
			isa = PBXResourcesBuildPhase;
			buildActionMask = 2147483647;
			files = (
			);
			runOnlyForDeploymentPostprocessing = 0;
		};
/* End PBXResourcesBuildPhase section */

/* Begin PBXSourcesBuildPhase section */
		94CFFEE61F1344C900A423D5 /* Sources */ = {
			isa = PBXSourcesBuildPhase;
			buildActionMask = 2147483647;
			files = (
				94CFFEF01F1344C900A423D5 /* ViewController.swift in Sources */,
				94CFFEEE1F1344C900A423D5 /* AppDelegate.swift in Sources */,
			);
			runOnlyForDeploymentPostprocessing = 0;
		};
		94CFFEFA1F1344C900A423D5 /* Sources */ = {
			isa = PBXSourcesBuildPhase;
			buildActionMask = 2147483647;
			files = (
				94CFFF031F1344C900A423D5 /* UIElementsTests.swift in Sources */,
			);
			runOnlyForDeploymentPostprocessing = 0;
		};
		94CFFF051F1344C900A423D5 /* Sources */ = {
			isa = PBXSourcesBuildPhase;
			buildActionMask = 2147483647;
			files = (
				94CFFF0E1F1344C900A423D5 /* UIElementsUITests.swift in Sources */,
			);
			runOnlyForDeploymentPostprocessing = 0;
		};
/* End PBXSourcesBuildPhase section */

/* Begin PBXTargetDependency section */
		94CFFF001F1344C900A423D5 /* PBXTargetDependency */ = {
			isa = PBXTargetDependency;
			target = 94CFFEE91F1344C900A423D5 /* UIElements */;
			targetProxy = 94CFFEFF1F1344C900A423D5 /* PBXContainerItemProxy */;
		};
		94CFFF0B1F1344C900A423D5 /* PBXTargetDependency */ = {
			isa = PBXTargetDependency;
			target = 94CFFEE91F1344C900A423D5 /* UIElements */;
			targetProxy = 94CFFF0A1F1344C900A423D5 /* PBXContainerItemProxy */;
		};
/* End PBXTargetDependency section */

/* Begin PBXVariantGroup section */
		94CFFEF11F1344C900A423D5 /* Main.storyboard */ = {
			isa = PBXVariantGroup;
			children = (
				94CFFEF21F1344C900A423D5 /* Base */,
			);
			name = Main.storyboard;
			sourceTree = "<group>";
		};
		94CFFEF61F1344C900A423D5 /* LaunchScreen.storyboard */ = {
			isa = PBXVariantGroup;
			children = (
				94CFFEF71F1344C900A423D5 /* Base */,
			);
			name = LaunchScreen.storyboard;
			sourceTree = "<group>";
		};
/* End PBXVariantGroup section */

/* Begin XCBuildConfiguration section */
		94CFFF101F1344C900A423D5 /* Debug */ = {
			isa = XCBuildConfiguration;
			buildSettings = {
				ALWAYS_SEARCH_USER_PATHS = NO;
				CLANG_ANALYZER_NONNULL = YES;
				CLANG_ANALYZER_NUMBER_OBJECT_CONVERSION = YES_AGGRESSIVE;
				CLANG_CXX_LANGUAGE_STANDARD = "gnu++0x";
				CLANG_CXX_LIBRARY = "libc++";
				CLANG_ENABLE_MODULES = YES;
				CLANG_ENABLE_OBJC_ARC = YES;
				CLANG_WARN_BOOL_CONVERSION = YES;
				CLANG_WARN_CONSTANT_CONVERSION = YES;
				CLANG_WARN_DIRECT_OBJC_ISA_USAGE = YES_ERROR;
				CLANG_WARN_DOCUMENTATION_COMMENTS = YES;
				CLANG_WARN_EMPTY_BODY = YES;
				CLANG_WARN_ENUM_CONVERSION = YES;
				CLANG_WARN_INFINITE_RECURSION = YES;
				CLANG_WARN_INT_CONVERSION = YES;
				CLANG_WARN_OBJC_ROOT_CLASS = YES_ERROR;
				CLANG_WARN_SUSPICIOUS_MOVE = YES;
				CLANG_WARN_UNREACHABLE_CODE = YES;
				CLANG_WARN__DUPLICATE_METHOD_MATCH = YES;
				"CODE_SIGN_IDENTITY[sdk=iphoneos*]" = "iPhone Developer";
				COPY_PHASE_STRIP = NO;
				DEBUG_INFORMATION_FORMAT = dwarf;
				ENABLE_STRICT_OBJC_MSGSEND = YES;
				ENABLE_TESTABILITY = YES;
				GCC_C_LANGUAGE_STANDARD = gnu99;
				GCC_DYNAMIC_NO_PIC = NO;
				GCC_NO_COMMON_BLOCKS = YES;
				GCC_OPTIMIZATION_LEVEL = 0;
				GCC_PREPROCESSOR_DEFINITIONS = (
					"DEBUG=1",
					"$(inherited)",
				);
				GCC_WARN_64_TO_32_BIT_CONVERSION = YES;
				GCC_WARN_ABOUT_RETURN_TYPE = YES_ERROR;
				GCC_WARN_UNDECLARED_SELECTOR = YES;
				GCC_WARN_UNINITIALIZED_AUTOS = YES_AGGRESSIVE;
				GCC_WARN_UNUSED_FUNCTION = YES;
				GCC_WARN_UNUSED_VARIABLE = YES;
				IPHONEOS_DEPLOYMENT_TARGET = 10.3;
				MTL_ENABLE_DEBUG_INFO = YES;
				ONLY_ACTIVE_ARCH = YES;
				SDKROOT = iphoneos;
				SWIFT_ACTIVE_COMPILATION_CONDITIONS = DEBUG;
				SWIFT_OPTIMIZATION_LEVEL = "-Onone";
				TARGETED_DEVICE_FAMILY = "1,2";
			};
			name = Debug;
		};
		94CFFF111F1344C900A423D5 /* Release */ = {
			isa = XCBuildConfiguration;
			buildSettings = {
				ALWAYS_SEARCH_USER_PATHS = NO;
				CLANG_ANALYZER_NONNULL = YES;
				CLANG_ANALYZER_NUMBER_OBJECT_CONVERSION = YES_AGGRESSIVE;
				CLANG_CXX_LANGUAGE_STANDARD = "gnu++0x";
				CLANG_CXX_LIBRARY = "libc++";
				CLANG_ENABLE_MODULES = YES;
				CLANG_ENABLE_OBJC_ARC = YES;
				CLANG_WARN_BOOL_CONVERSION = YES;
				CLANG_WARN_CONSTANT_CONVERSION = YES;
				CLANG_WARN_DIRECT_OBJC_ISA_USAGE = YES_ERROR;
				CLANG_WARN_DOCUMENTATION_COMMENTS = YES;
				CLANG_WARN_EMPTY_BODY = YES;
				CLANG_WARN_ENUM_CONVERSION = YES;
				CLANG_WARN_INFINITE_RECURSION = YES;
				CLANG_WARN_INT_CONVERSION = YES;
				CLANG_WARN_OBJC_ROOT_CLASS = YES_ERROR;
				CLANG_WARN_SUSPICIOUS_MOVE = YES;
				CLANG_WARN_UNREACHABLE_CODE = YES;
				CLANG_WARN__DUPLICATE_METHOD_MATCH = YES;
				"CODE_SIGN_IDENTITY[sdk=iphoneos*]" = "iPhone Developer";
				COPY_PHASE_STRIP = NO;
				DEBUG_INFORMATION_FORMAT = "dwarf-with-dsym";
				ENABLE_NS_ASSERTIONS = NO;
				ENABLE_STRICT_OBJC_MSGSEND = YES;
				GCC_C_LANGUAGE_STANDARD = gnu99;
				GCC_NO_COMMON_BLOCKS = YES;
				GCC_WARN_64_TO_32_BIT_CONVERSION = YES;
				GCC_WARN_ABOUT_RETURN_TYPE = YES_ERROR;
				GCC_WARN_UNDECLARED_SELECTOR = YES;
				GCC_WARN_UNINITIALIZED_AUTOS = YES_AGGRESSIVE;
				GCC_WARN_UNUSED_FUNCTION = YES;
				GCC_WARN_UNUSED_VARIABLE = YES;
				IPHONEOS_DEPLOYMENT_TARGET = 10.3;
				MTL_ENABLE_DEBUG_INFO = NO;
				SDKROOT = iphoneos;
				SWIFT_OPTIMIZATION_LEVEL = "-Owholemodule";
				TARGETED_DEVICE_FAMILY = "1,2";
				VALIDATE_PRODUCT = YES;
			};
			name = Release;
		};
		94CFFF131F1344C900A423D5 /* Debug */ = {
			isa = XCBuildConfiguration;
			buildSettings = {
				ASSETCATALOG_COMPILER_APPICON_NAME = AppIcon;
				INFOPLIST_FILE = UIElements/Info.plist;
				LD_RUNPATH_SEARCH_PATHS = "$(inherited) @executable_path/Frameworks";
				PRODUCT_BUNDLE_IDENTIFIER = Acknown.UIElements;
				PRODUCT_NAME = "$(TARGET_NAME)";
				SWIFT_VERSION = 3.0;
			};
			name = Debug;
		};
		94CFFF141F1344C900A423D5 /* Release */ = {
			isa = XCBuildConfiguration;
			buildSettings = {
				ASSETCATALOG_COMPILER_APPICON_NAME = AppIcon;
				INFOPLIST_FILE = UIElements/Info.plist;
				LD_RUNPATH_SEARCH_PATHS = "$(inherited) @executable_path/Frameworks";
				PRODUCT_BUNDLE_IDENTIFIER = Acknown.UIElements;
				PRODUCT_NAME = "$(TARGET_NAME)";
				SWIFT_VERSION = 3.0;
			};
			name = Release;
		};
		94CFFF161F1344C900A423D5 /* Debug */ = {
			isa = XCBuildConfiguration;
			buildSettings = {
				ALWAYS_EMBED_SWIFT_STANDARD_LIBRARIES = YES;
				BUNDLE_LOADER = "$(TEST_HOST)";
				INFOPLIST_FILE = UIElementsTests/Info.plist;
				LD_RUNPATH_SEARCH_PATHS = "$(inherited) @executable_path/Frameworks @loader_path/Frameworks";
				PRODUCT_BUNDLE_IDENTIFIER = Acknown.UIElementsTests;
				PRODUCT_NAME = "$(TARGET_NAME)";
				SWIFT_VERSION = 3.0;
				TEST_HOST = "$(BUILT_PRODUCTS_DIR)/UIElements.app/UIElements";
			};
			name = Debug;
		};
		94CFFF171F1344C900A423D5 /* Release */ = {
			isa = XCBuildConfiguration;
			buildSettings = {
				ALWAYS_EMBED_SWIFT_STANDARD_LIBRARIES = YES;
				BUNDLE_LOADER = "$(TEST_HOST)";
				INFOPLIST_FILE = UIElementsTests/Info.plist;
				LD_RUNPATH_SEARCH_PATHS = "$(inherited) @executable_path/Frameworks @loader_path/Frameworks";
				PRODUCT_BUNDLE_IDENTIFIER = Acknown.UIElementsTests;
				PRODUCT_NAME = "$(TARGET_NAME)";
				SWIFT_VERSION = 3.0;
				TEST_HOST = "$(BUILT_PRODUCTS_DIR)/UIElements.app/UIElements";
			};
			name = Release;
		};
		94CFFF191F1344C900A423D5 /* Debug */ = {
			isa = XCBuildConfiguration;
			buildSettings = {
				ALWAYS_EMBED_SWIFT_STANDARD_LIBRARIES = YES;
				INFOPLIST_FILE = UIElementsUITests/Info.plist;
				LD_RUNPATH_SEARCH_PATHS = "$(inherited) @executable_path/Frameworks @loader_path/Frameworks";
				PRODUCT_BUNDLE_IDENTIFIER = Acknown.UIElementsUITests;
				PRODUCT_NAME = "$(TARGET_NAME)";
				SWIFT_VERSION = 3.0;
				TEST_TARGET_NAME = UIElements;
			};
			name = Debug;
		};
		94CFFF1A1F1344C900A423D5 /* Release */ = {
			isa = XCBuildConfiguration;
			buildSettings = {
				ALWAYS_EMBED_SWIFT_STANDARD_LIBRARIES = YES;
				INFOPLIST_FILE = UIElementsUITests/Info.plist;
				LD_RUNPATH_SEARCH_PATHS = "$(inherited) @executable_path/Frameworks @loader_path/Frameworks";
				PRODUCT_BUNDLE_IDENTIFIER = Acknown.UIElementsUITests;
				PRODUCT_NAME = "$(TARGET_NAME)";
				SWIFT_VERSION = 3.0;
				TEST_TARGET_NAME = UIElements;
			};
			name = Release;
		};
/* End XCBuildConfiguration section */

/* Begin XCConfigurationList section */
		94CFFEE51F1344C900A423D5 /* Build configuration list for PBXProject "UIElements" */ = {
			isa = XCConfigurationList;
			buildConfigurations = (
				94CFFF101F1344C900A423D5 /* Debug */,
				94CFFF111F1344C900A423D5 /* Release */,
			);
			defaultConfigurationIsVisible = 0;
			defaultConfigurationName = Release;
		};
		94CFFF121F1344C900A423D5 /* Build configuration list for PBXNativeTarget "UIElements" */ = {
			isa = XCConfigurationList;
			buildConfigurations = (
				94CFFF131F1344C900A423D5 /* Debug */,
				94CFFF141F1344C900A423D5 /* Release */,
			);
			defaultConfigurationIsVisible = 0;
		};
		94CFFF151F1344C900A423D5 /* Build configuration list for PBXNativeTarget "UIElementsTests" */ = {
			isa = XCConfigurationList;
			buildConfigurations = (
				94CFFF161F1344C900A423D5 /* Debug */,
				94CFFF171F1344C900A423D5 /* Release */,
			);
			defaultConfigurationIsVisible = 0;
		};
		94CFFF181F1344C900A423D5 /* Build configuration list for PBXNativeTarget "UIElementsUITests" */ = {
			isa = XCConfigurationList;
			buildConfigurations = (
				94CFFF191F1344C900A423D5 /* Debug */,
				94CFFF1A1F1344C900A423D5 /* Release */,
			);
			defaultConfigurationIsVisible = 0;
		};
/* End XCConfigurationList section */
	};
	rootObject = 94CFFEE21F1344C900A423D5 /* Project object */;
}
